
Microsoft Visual Studio Solution File, Format Version 12.00
# Visual Studio Version 17
VisualStudioVersion = 17.14.36616.10 d17.14
MinimumVisualStudioVersion = 10.0.40219.1
Project("{FAE04EC0-301F-11D3-BF4B-00C04F79EFBC}") = "QL_TH_MT", "QL_TH_MT\QL_TH_MT.csproj", "{1DAFDF88-5421-49AA-972C-BF99F9A1DB8A}"
EndProject
Project("{FAE04EC0-301F-11D3-BF4B-00C04F79EFBC}") = "QL_TH_MT.Tests", "QL_TH_MT.Tests\QL_TH_MT.Tests.csproj", "{2DAFDF88-5421-49AA-972C-BF99F9A1DB8B}"
EndProject
Global
	GlobalSection(SolutionConfigurationPlatforms) = preSolution
		Debug|Any CPU = Debug|Any CPU
		Release|Any CPU = Release|Any CPU
	EndGlobalSection
	GlobalSection(ProjectConfigurationPlatforms) = postSolution
		{1DAFDF88-5421-49AA-972C-BF99F9A1DB8A}.Debug|Any CPU.ActiveCfg = Debug|Any CPU
		{1DAFDF88-5421-49AA-972C-BF99F9A1DB8A}.Debug|Any CPU.Build.0 = Debug|Any CPU
		{1DAFDF88-5421-49AA-972C-BF99F9A1DB8A}.Release|Any CPU.ActiveCfg = Release|Any CPU
		{1DAFDF88-5421-49AA-972C-BF99F9A1DB8A}.Release|Any CPU.Build.0 = Release|Any CPU
		{2DAFDF88-5421-49AA-972C-BF99F9A1DB8B}.Debug|Any CPU.ActiveCfg = Debug|Any CPU
		{2DAFDF88-5421-49AA-972C-BF99F9A1DB8B}.Debug|Any CPU.Build.0 = Debug|Any CPU
		{2DAFDF88-5421-49AA-972C-BF99F9A1DB8B}.Release|Any CPU.ActiveCfg = Release|Any CPU
		{2DAFDF88-5421-49AA-972C-BF99F9A1DB8B}.Release|Any CPU.Build.0 = Release|Any CPU
	EndGlobalSection
	GlobalSection(SolutionProperties) = preSolution
		HideSolutionNode = FALSE
	EndGlobalSection
	GlobalSection(ExtensibilityGlobals) = postSolution
		SolutionGuid = {0C767D8E-CDD1-4B9F-AEE9-B59335B7867F}
	EndGlobalSection
EndGlobal
